{
  "name": "fanyi-node",
  "version": "0.0.1",
  "lockfileVersion": 2,
  "requires": true,
  "packages": {
    "": {
      "version": "0.0.1",
      "license": "MIT",
      "dependencies": {
        "@types/md5": "^2.3.1",
        "commander": "^8.1.0",
        "md5-typescript": "^1.0.5"
      },
      "devDependencies": {
        "@types/node": "^16.6.1"
      }
    },
    "node_modules/@types/md5": {
      "version": "2.3.1",
      "resolved": "https://registry.nlark.com/@types/md5/download/@types/md5-2.3.1.tgz?cache=0&sync_timestamp=1625611101911&other_urls=https%3A%2F%2Fregistry.nlark.com%2F%40types%2Fmd5%2Fdownload%2F%40types%2Fmd5-2.3.1.tgz",
      "integrity": "sha1-AQvPO7UKLP86V0yxwLQFGpxn1rw=",
      "dependencies": {
        "@types/node": "*"
      }
    },
    "node_modules/@types/node": {
      "version": "16.6.1",
      "resolved": "https://registry.nlark.com/@types/node/download/@types/node-16.6.1.tgz",
      "integrity": "sha1-ruYse5ZvVfxmx7bfodWNsqYW2mE="
    },
    "node_modules/commander": {
      "version": "8.1.0",
      "resolved": "https://registry.nlark.com/commander/download/commander-8.1.0.tgz?cache=0&sync_timestamp=1627359190297&other_urls=https%3A%2F%2Fregistry.nlark.com%2Fcommander%2Fdownload%2Fcommander-8.1.0.tgz",
      "integrity": "sha1-2zbj5m7fJP9ZHWOYYsarLFJmQ2I=",
      "license": "MIT",
      "engines": {
        "node": ">= 12"
      }
    },
    "node_modules/md5-typescript": {
      "version": "1.0.5",
      "resolved": "https://registry.npm.taobao.org/md5-typescript/download/md5-typescript-1.0.5.tgz",
      "integrity": "sha1-aMCyTf+OXTFi5Jj6mJO2O+cuA48="
    }
  },
  "dependencies": {
    "@types/md5": {
      "version": "2.3.1",
      "resolved": "https://registry.nlark.com/@types/md5/download/@types/md5-2.3.1.tgz?cache=0&sync_timestamp=1625611101911&other_urls=https%3A%2F%2Fregistry.nlark.com%2F%40types%2Fmd5%2Fdownload%2F%40types%2Fmd5-2.3.1.tgz",
      "integrity": "sha1-AQvPO7UKLP86V0yxwLQFGpxn1rw=",
      "requires": {
        "@types/node": "*"
      }
    },
    "@types/node": {
      "version": "16.6.1",
      "resolved": "https://registry.nlark.com/@types/node/download/@types/node-16.6.1.tgz",
      "integrity": "sha1-ruYse5ZvVfxmx7bfodWNsqYW2mE="
    },
    "commander": {
      "version": "8.1.0",
      "resolved": "https://registry.nlark.com/commander/download/commander-8.1.0.tgz?cache=0&sync_timestamp=1627359190297&other_urls=https%3A%2F%2Fregistry.nlark.com%2Fcommander%2Fdownload%2Fcommander-8.1.0.tgz",
      "integrity": "sha1-2zbj5m7fJP9ZHWOYYsarLFJmQ2I="
    },
    "md5-typescript": {
      "version": "1.0.5",
      "resolved": "https://registry.npm.taobao.org/md5-typescript/download/md5-typescript-1.0.5.tgz",
      "integrity": "sha1-aMCyTf+OXTFi5Jj6mJO2O+cuA48="
    }
  }
}
