# THIS IS AN AUTOGENERATED FILE. DO NOT EDIT THIS FILE DIRECTLY.
# yarn lockfile v1


"@types/md5@^2.3.1":
  "integrity" "sha1-AQvPO7UKLP86V0yxwLQFGpxn1rw="
  "resolved" "https://registry.nlark.com/@types/md5/download/@types/md5-2.3.1.tgz?cache=0&sync_timestamp=1625611101911&other_urls=https%3A%2F%2Fregistry.nlark.com%2F%40types%2Fmd5%2Fdownload%2F%40types%2Fmd5-2.3.1.tgz"
  "version" "2.3.1"
  dependencies:
    "@types/node" "*"

"@types/node@*", "@types/node@^16.6.1":
  "integrity" "sha1-ruYse5ZvVfxmx7bfodWNsqYW2mE="
  "resolved" "https://registry.nlark.com/@types/node/download/@types/node-16.6.1.tgz"
  "version" "16.6.1"

"commander@^8.1.0":
  "integrity" "sha1-2zbj5m7fJP9ZHWOYYsarLFJmQ2I="
  "resolved" "https://registry.nlark.com/commander/download/commander-8.1.0.tgz?cache=0&sync_timestamp=1627359190297&other_urls=https%3A%2F%2Fregistry.nlark.com%2Fcommander%2Fdownload%2Fcommander-8.1.0.tgz"
  "version" "8.1.0"

"md5-typescript@^1.0.5":
  "integrity" "sha1-aMCyTf+OXTFi5Jj6mJO2O+cuA48="
  "resolved" "https://registry.npm.taobao.org/md5-typescript/download/md5-typescript-1.0.5.tgz"
  "version" "1.0.5"
